
Microsoft Visual Studio Solution File, Format Version 12.00
# Visual Studio Version 17
VisualStudioVersion = 17.8.34511.84
MinimumVisualStudioVersion = 10.0.40219.1
Project("{FAE04EC0-301F-11D3-BF4B-00C04F79EFBC}") = "Auction", "Auction.csproj", "{3BB63984-9039-4005-BF20-2DA34F716F4D}"
EndProject
Global
	GlobalSection(SolutionConfigurationPlatforms) = preSolution
		Debug|Any CPU = Debug|Any CPU
		Release|Any CPU = Release|Any CPU
	EndGlobalSection
	GlobalSection(ProjectConfigurationPlatforms) = postSolution
		{3BB63984-9039-4005-BF20-2DA34F716F4D}.Debug|Any CPU.ActiveCfg = Debug|Any CPU
		{3BB63984-9039-4005-BF20-2DA34F716F4D}.Debug|Any CPU.Build.0 = Debug|Any CPU
		{3BB63984-9039-4005-BF20-2DA34F716F4D}.Release|Any CPU.ActiveCfg = Release|Any CPU
		{3BB63984-9039-4005-BF20-2DA34F716F4D}.Release|Any CPU.Build.0 = Release|Any CPU
	EndGlobalSection
	GlobalSection(SolutionProperties) = preSolution
		HideSolutionNode = FALSE
	EndGlobalSection
	GlobalSection(ExtensibilityGlobals) = postSolution
		SolutionGuid = {5B6568D0-C76F-42D4-AC57-C4F42A959CB6}
	EndGlobalSection
EndGlobal
